{
  "lockfileVersion": 1,
  "configVersion": 1,
  "workspaces": {
    "": {
      "name": "@flowscripter/pluggable-io-framework",
      "dependencies": {
        "@flowscripter/dynamic-plugin-framework": "file:../dynamic-plugin-framework",
        "@flowscripter/pluggable-io-framework-api": "file:../pluggable-io-framework-api",
      },
      "devDependencies": {
        "@types/bun": "^1.3.14",
        "oxfmt": "0.57.0",
        "oxlint": "1.72.0",
      },
      "peerDependencies": {
        "typescript": "^6.0.3",
      },
    },
  },
  "packages": {
    "@flowscripter/dynamic-plugin-framework": ["@flowscripter/dynamic-plugin-framework@file:../dynamic-plugin-framework", { "dependencies": { "semver": "^7.8.5" }, "devDependencies": { "@types/bun": "^1.3.14", "@types/node": "^26.1.1", "@types/semver": "^7.7.1", "oxfmt": "0.60.0", "oxlint": "1.75.0" }, "peerDependencies": { "typescript": "^7.0.2" } }],

    "@flowscripter/pluggable-io-framework-api": ["@flowscripter/pluggable-io-framework-api@file:../pluggable-io-framework-api", { "dependencies": { "zod": "^3.24.0", "zod-to-json-schema": "^3.24.0" }, "devDependencies": { "@types/bun": "^1.3.14", "oxfmt": "0.57.0", "oxlint": "1.72.0" }, "peerDependencies": { "typescript": "^6.0.3" } }],

    "@oxfmt/binding-android-arm-eabi": ["@oxfmt/binding-android-arm-eabi@0.57.0", "", { "os": "android", "cpu": "arm" }, "sha512-qVBsEO+KugOsCmUHcO8iqNnqc65p7PCKpCs8M66mPZ+Ri+CWbcpoQOEJBg2OTu03+0qu++NK1jj6IzvQVs0Sig=="],

    "@oxfmt/binding-android-arm64": ["@oxfmt/binding-android-arm64@0.57.0", "", { "os": "android", "cpu": "arm64" }, "sha512-mp6PibWbao3aizijcheOeHQaYEhcUAt8pwLniYbtLfHxL/psFF0BykAwCj+s3c6qIpa8yN8keZICWrqtZ70w8g=="],

    "@oxfmt/binding-darwin-arm64": ["@oxfmt/binding-darwin-arm64@0.57.0", "", { "os": "darwin", "cpu": "arm64" }, "sha512-T+0stuCBqmUVY+aMIvrgXhzGhHO3sD5tNiiEcYqgSdPsnukskQqn2u5qOVD0sv1l7RLdFS5Z/f5Wi9Ktyjr3Eg=="],

    "@oxfmt/binding-darwin-x64": ["@oxfmt/binding-darwin-x64@0.57.0", "", { "os": "darwin", "cpu": "x64" }, "sha512-O+3JbqWs/mCI2oi4xfhRO2IVPFJNDDEBV8Odo+ZpmsUOeKJfjXoNH7nDmBEQcDgK7NfjDIyE7kRgYSZcTLDO0A=="],

    "@oxfmt/binding-freebsd-x64": ["@oxfmt/binding-freebsd-x64@0.57.0", "", { "os": "freebsd", "cpu": "x64" }, "sha512-pxwhxVC+JkLX9twOQ/8C/vbuOQcMZyKIDmiRDZfO7yITuVcIdZCiLRqqf4QOxb2+8FWrRXzQpm+1DBKcMpHSSQ=="],

    "@oxfmt/binding-linux-arm-gnueabihf": ["@oxfmt/binding-linux-arm-gnueabihf@0.57.0", "", { "os": "linux", "cpu": "arm" }, "sha512-pxBU4zH2imB/MDBfth2rOMeVxXUMjRQLCazagwLARIFH3hVlxZJBlM4nSnHXaIHJK4/qezoFCIORN6AY8Mra4A=="],

    "@oxfmt/binding-linux-arm-musleabihf": ["@oxfmt/binding-linux-arm-musleabihf@0.57.0", "", { "os": "linux", "cpu": "arm" }, "sha512-JAprOzt8tycYou36ZgEw14DlRHTiN8qdtKANdV3VZIRIvTI/lh/cX13c9pJ/EnDk2GT3FASH7KvCgQ2AufAifQ=="],

    "@oxfmt/binding-linux-arm64-gnu": ["@oxfmt/binding-linux-arm64-gnu@0.57.0", "", { "os": "linux", "cpu": "arm64" }, "sha512-ajtjaxSaj9xl4BW7REt+Cef/ttzbAq00Bq4z7JUDZEfgFXdwSjH8K9bF+IcIJzZB9lKqMfQ4eHuSFOvvlvtqOg=="],

    "@oxfmt/binding-linux-arm64-musl": ["@oxfmt/binding-linux-arm64-musl@0.57.0", "", { "os": "linux", "cpu": "arm64" }, "sha512-p4Y/+RYk9Bk5WO+zHSUXAClRmZ2fbJCejMuCAsU2HhyME4jqf6Ftt/mJYEwIah1wGCBDYOB7wEGV1x5bCEZ6hA=="],

    "@oxfmt/binding-linux-ppc64-gnu": ["@oxfmt/binding-linux-ppc64-gnu@0.57.0", "", { "os": "linux", "cpu": "ppc64" }, "sha512-By6tRALAZsno0F4zedmtG+wdMvJiJmJoXM4d3+A9zHE4HRXLqXITwRH8mgrlcXc5yJM2g2W3riRPwTYdgemZLQ=="],

    "@oxfmt/binding-linux-riscv64-gnu": ["@oxfmt/binding-linux-riscv64-gnu@0.57.0", "", { "os": "linux", "cpu": "none" }, "sha512-skYeG+RgvyzspqVEBsEprL90OYYZfoVNqB3HcCNR6QDJyXKOzfDRT3zncnHmUaFluIlBHuY23mU1b5WGgR98hA=="],

    "@oxfmt/binding-linux-riscv64-musl": ["@oxfmt/binding-linux-riscv64-musl@0.57.0", "", { "os": "linux", "cpu": "none" }, "sha512-FFgACrZOXAXUh5KQh2mt1CDOVOZmn+QzHP71wM9QobNwyQvoFfyAeefVUltW83g3sm7LTiH3yfFqLLVUpA5ZFQ=="],

    "@oxfmt/binding-linux-s390x-gnu": ["@oxfmt/binding-linux-s390x-gnu@0.57.0", "", { "os": "linux", "cpu": "s390x" }, "sha512-Nm/BAOfQeFiiKd502mZn/GAVKJwtd0RdCg17G3Wz/WSOIQmDi3+7/SZH4BHn1Ye5KvTVH3ua8WvfwLLycNIuvA=="],

    "@oxfmt/binding-linux-x64-gnu": ["@oxfmt/binding-linux-x64-gnu@0.57.0", "", { "os": "linux", "cpu": "x64" }, "sha512-BiSy5Ku3mQqyxS6YIqAJgd403wEUWvI7kerfzPxc2l/txZVmZM0pSj7oDM+4bGBExowxOi7o73jEam1W0EDTZg=="],

    "@oxfmt/binding-linux-x64-musl": ["@oxfmt/binding-linux-x64-musl@0.57.0", "", { "os": "linux", "cpu": "x64" }, "sha512-BCRkJiotz5s9afLYD2LuMvzAoDYx9H17E/YbDyu4xK7l4zHDPeny9ErSXL//i/nJyaOwRk08x4b8cgJC00+JDg=="],

    "@oxfmt/binding-openharmony-arm64": ["@oxfmt/binding-openharmony-arm64@0.57.0", "", { "os": "none", "cpu": "arm64" }, "sha512-4Oaxe1qrGgXfpCJ1C/ERJ2iCtV2rN1R79ga9fsfyVHfSQRu/hVW780u2KDqZWFZ/iGTHODJji0JemxqFZ63eIQ=="],

    "@oxfmt/binding-win32-arm64-msvc": ["@oxfmt/binding-win32-arm64-msvc@0.57.0", "", { "os": "win32", "cpu": "arm64" }, "sha512-MYLAsDnhdNsSGheLYhWgbk0vfIrlS84iQYun/y21fX6u0jj8iBtYtbpZMdiqYeuf8U12eVPUjVY2xE2NrCfJ0g=="],

    "@oxfmt/binding-win32-ia32-msvc": ["@oxfmt/binding-win32-ia32-msvc@0.57.0", "", { "os": "win32", "cpu": "ia32" }, "sha512-PBwdzZALJY/jcCx2E6is0yu+cuVXeySTDmwuseD+9j0mHqlRNxwlKgsyRTBed/woPeqfVfuXfWjoq4Cx2Zt3Eg=="],

    "@oxfmt/binding-win32-x64-msvc": ["@oxfmt/binding-win32-x64-msvc@0.57.0", "", { "os": "win32", "cpu": "x64" }, "sha512-bQJdH9i4RRfw55jm7+8/xS7GzHLLTbHx4huhrrDxQJaJtbSDbsyOnODvP1ftT7EG0KFKAYO2S+q6AcioXODx8w=="],

    "@oxlint/binding-android-arm-eabi": ["@oxlint/binding-android-arm-eabi@1.72.0", "", { "os": "android", "cpu": "arm" }, "sha512-zhCmvn+1Mj3UchAc/90i99S0t7jJUsHmFVSPg4UWrjO8b8eaSGwscgO6QAUtvHBstkjQwBttQNswEnAF1mIQdA=="],

    "@oxlint/binding-android-arm64": ["@oxlint/binding-android-arm64@1.72.0", "", { "os": "android", "cpu": "arm64" }, "sha512-mtH+aY/ozv1eZoCUC2owjFAtyNBKHpJHygKeEu9zXXnQGW1Q2/qOpvx+I+Lf23+TvTz66F4iiXUbl2cGvoLPCQ=="],

    "@oxlint/binding-darwin-arm64": ["@oxlint/binding-darwin-arm64@1.72.0", "", { "os": "darwin", "cpu": "arm64" }, "sha512-EvnajNPDtfknB3ZieeOOyDTwJn9QXDiwfnF4ZDQqART6RG6hjY4WigQcZdGoK2dkB3e1vrmEzN9aYbQCUkh/gQ=="],

    "@oxlint/binding-darwin-x64": ["@oxlint/binding-darwin-x64@1.72.0", "", { "os": "darwin", "cpu": "x64" }, "sha512-ZkCdEa/G80A7vEHfeCDz/+L3m33DE73v32mDKhgOIgz8Uwf0DFcK7+uu6qC+7LEhmz5fpOe1osWKyjSNMydFIQ=="],

    "@oxlint/binding-freebsd-x64": ["@oxlint/binding-freebsd-x64@1.72.0", "", { "os": "freebsd", "cpu": "x64" }, "sha512-NroXv2vh+sxVY1uya/rM5pjhx1hm8BzlYpx9q67QP0Xhw5MH2bf5GJylpvLEC+781p1Xli/317EoV9AlGwViag=="],

    "@oxlint/binding-linux-arm-gnueabihf": ["@oxlint/binding-linux-arm-gnueabihf@1.72.0", "", { "os": "linux", "cpu": "arm" }, "sha512-0NDywYgfj279Ou/BcQuCYSj7NJwBfmWn5qc5uGO/Ny7fUWmXyIpvawqX/8acQlWG6IXelJsJhj+JAy6sjsKj0A=="],

    "@oxlint/binding-linux-arm-musleabihf": ["@oxlint/binding-linux-arm-musleabihf@1.72.0", "", { "os": "linux", "cpu": "arm" }, "sha512-4vpXB06h65Ezsy4hRyrGjGrfa1SkVPii09yaajiYhmVpgsFiLD+KNxIx/BNAY+XiO+i1yqp9HHdwqM8VTqa5XQ=="],

    "@oxlint/binding-linux-arm64-gnu": ["@oxlint/binding-linux-arm64-gnu@1.72.0", "", { "os": "linux", "cpu": "arm64" }, "sha512-immaN4g2ZGFiOkKrvRX9LvzZdd2GkQM5wR+UyzYyUuyhUTXGQ4HKUJH18xp4G8OfhCVaVAJfKZxwE1r8+4hhaQ=="],

    "@oxlint/binding-linux-arm64-musl": ["@oxlint/binding-linux-arm64-musl@1.72.0", "", { "os": "linux", "cpu": "arm64" }, "sha512-JGHS9Mnr7iWyyLDxgCv1MhzVpAckgptg00F2gnxt/GD7lQ2SW1BRcxHqhSTaSdDpjWRrBkBxMMh4+Hn3aVtExg=="],

    "@oxlint/binding-linux-ppc64-gnu": ["@oxlint/binding-linux-ppc64-gnu@1.72.0", "", { "os": "linux", "cpu": "ppc64" }, "sha512-AOYgBZqxNshrg83P9v0RYv+m8s10Cqkj4/PxXFDhcS3k7FqsIG5+CxErshZCIN7G8iy4Y+VGfAsuEdar8AcbBg=="],

    "@oxlint/binding-linux-riscv64-gnu": ["@oxlint/binding-linux-riscv64-gnu@1.72.0", "", { "os": "linux", "cpu": "none" }, "sha512-QMybPS5ij3/vrKG67mqzHwW++91sYxK/PPUVi6SBtNCEzW4niS52fVBdXbQ6nou0wWbUPEpx8Sl/ZjtgE3clXA=="],

    "@oxlint/binding-linux-riscv64-musl": ["@oxlint/binding-linux-riscv64-musl@1.72.0", "", { "os": "linux", "cpu": "none" }, "sha512-gOc3W7JV0PXRpIL7stUlLe3Wa9Gp0Kdlup87IT3gHDvPKck2xNgMIl/Gs2lldYY2lyXZDC4rWi3hmoLUobkgbQ=="],

    "@oxlint/binding-linux-s390x-gnu": ["@oxlint/binding-linux-s390x-gnu@1.72.0", "", { "os": "linux", "cpu": "s390x" }, "sha512-rpGxph+FjjHcYI5q6uxB3Az+tnfmEnDbSA8+PK9ZE/VzyUAkvBOMeuY7ZQMhu5mpZH7YQDsTdW6Cx4kV/msc6w=="],

    "@oxlint/binding-linux-x64-gnu": ["@oxlint/binding-linux-x64-gnu@1.72.0", "", { "os": "linux", "cpu": "x64" }, "sha512-WND+uhf/Ko13SLqQMWQUgsZuLvYYEvL0ZKgg0tgGYfLqxG7l8Ju123fHDMJyYSDl5E3bUbpFUuii/OvMreFQzw=="],

    "@oxlint/binding-linux-x64-musl": ["@oxlint/binding-linux-x64-musl@1.72.0", "", { "os": "linux", "cpu": "x64" }, "sha512-SrpbrUL70nG9vh6zP4/oKHWgLuHquwsr7MW9XOn0olBVgh10Uqr8qscKhQoBGEn6olK/IUpn5GSKcdQ5AjUhGA=="],

    "@oxlint/binding-openharmony-arm64": ["@oxlint/binding-openharmony-arm64@1.72.0", "", { "os": "none", "cpu": "arm64" }, "sha512-qkrsEn6NmgFKr7U/QnezQMb+q/vzAy0Dd9Y95gQGQTyjzDLN+HRZMuM5u70iyH4nBLCfKBzhjMsYCehKay2jyg=="],

    "@oxlint/binding-win32-arm64-msvc": ["@oxlint/binding-win32-arm64-msvc@1.72.0", "", { "os": "win32", "cpu": "arm64" }, "sha512-LWR6ZlFZph+KPjXv8opgZsXRDCdrdQe8VL8Cg9zxCoBS73h6znzZpydVgmdnwj8mB9AuSM5jxEgDJDpQkjboeg=="],

    "@oxlint/binding-win32-ia32-msvc": ["@oxlint/binding-win32-ia32-msvc@1.72.0", "", { "os": "win32", "cpu": "ia32" }, "sha512-yt6HEh7IsHvtjRWtmeZRX134eaXKHq5Gnqlf1xBJdJl1JtdoRUEJw3nAxpZoUDS860cX/foKbztO441anVBtVQ=="],

    "@oxlint/binding-win32-x64-msvc": ["@oxlint/binding-win32-x64-msvc@1.72.0", "", { "os": "win32", "cpu": "x64" }, "sha512-b2eKFD2hX7tIwmo/cyH6TDq8vzWRZ2qNHrzoGntUTmq0h3zQh/uX3eTSHCwI8OB/ADQfJCRelLItK8BsxuucDA=="],

    "@types/bun": ["@types/bun@1.3.14", "", { "dependencies": { "bun-types": "1.3.14" } }, "sha512-h1hFqFVcvAvD9j9K7ZW7vd82aSA+rTdznZa+5bwvCwqSB1jmmfLcbIWhOLx1/+boy/xmjgCs/OMUL8hRJSmnPw=="],

    "@types/node": ["@types/node@26.1.2", "", { "dependencies": { "undici-types": "~8.3.0" } }, "sha512-Vu4a5UFA9rIIFJ7rB/Vaafh9lrCQszopTCx6KjFboXTGQbPNasehVR5TEiithSDGyd1DEiUByggTZsg8jukeIg=="],

    "@types/semver": ["@types/semver@7.7.1", "", {}, "sha512-FmgJfu+MOcQ370SD0ev7EI8TlCAfKYU+B4m5T3yXc1CiRN94g/SZPtsCkk506aUDtlMnFZvasDwHHUcZUEaYuA=="],

    "bun-types": ["bun-types@1.3.14", "", { "dependencies": { "@types/node": "*" } }, "sha512-4N0ig0fEomHt5R0KCFWjovxow98rIoRwKolrYdCcknNwMekCXRnWEUvgu5soYV8QXtVsrUD8B95MBOZGPvr6KQ=="],

    "oxfmt": ["oxfmt@0.57.0", "", { "dependencies": { "tinypool": "2.1.0" }, "optionalDependencies": { "@oxfmt/binding-android-arm-eabi": "0.57.0", "@oxfmt/binding-android-arm64": "0.57.0", "@oxfmt/binding-darwin-arm64": "0.57.0", "@oxfmt/binding-darwin-x64": "0.57.0", "@oxfmt/binding-freebsd-x64": "0.57.0", "@oxfmt/binding-linux-arm-gnueabihf": "0.57.0", "@oxfmt/binding-linux-arm-musleabihf": "0.57.0", "@oxfmt/binding-linux-arm64-gnu": "0.57.0", "@oxfmt/binding-linux-arm64-musl": "0.57.0", "@oxfmt/binding-linux-ppc64-gnu": "0.57.0", "@oxfmt/binding-linux-riscv64-gnu": "0.57.0", "@oxfmt/binding-linux-riscv64-musl": "0.57.0", "@oxfmt/binding-linux-s390x-gnu": "0.57.0", "@oxfmt/binding-linux-x64-gnu": "0.57.0", "@oxfmt/binding-linux-x64-musl": "0.57.0", "@oxfmt/binding-openharmony-arm64": "0.57.0", "@oxfmt/binding-win32-arm64-msvc": "0.57.0", "@oxfmt/binding-win32-ia32-msvc": "0.57.0", "@oxfmt/binding-win32-x64-msvc": "0.57.0" }, "peerDependencies": { "svelte": "^5.0.0", "vite-plus": "*" }, "optionalPeers": ["svelte", "vite-plus"], "bin": { "oxfmt": "bin/oxfmt" } }, "sha512-ZB7Bi+rGDSqmVIo9jwcLyFgjxXvQhDdU+jx+ZrVy6VRiVXK2+CHc4hO3J4dUQjHe7V0ymHB+MDuv5z+NhK07HA=="],

    "oxlint": ["oxlint@1.72.0", "", { "optionalDependencies": { "@oxlint/binding-android-arm-eabi": "1.72.0", "@oxlint/binding-android-arm64": "1.72.0", "@oxlint/binding-darwin-arm64": "1.72.0", "@oxlint/binding-darwin-x64": "1.72.0", "@oxlint/binding-freebsd-x64": "1.72.0", "@oxlint/binding-linux-arm-gnueabihf": "1.72.0", "@oxlint/binding-linux-arm-musleabihf": "1.72.0", "@oxlint/binding-linux-arm64-gnu": "1.72.0", "@oxlint/binding-linux-arm64-musl": "1.72.0", "@oxlint/binding-linux-ppc64-gnu": "1.72.0", "@oxlint/binding-linux-riscv64-gnu": "1.72.0", "@oxlint/binding-linux-riscv64-musl": "1.72.0", "@oxlint/binding-linux-s390x-gnu": "1.72.0", "@oxlint/binding-linux-x64-gnu": "1.72.0", "@oxlint/binding-linux-x64-musl": "1.72.0", "@oxlint/binding-openharmony-arm64": "1.72.0", "@oxlint/binding-win32-arm64-msvc": "1.72.0", "@oxlint/binding-win32-ia32-msvc": "1.72.0", "@oxlint/binding-win32-x64-msvc": "1.72.0" }, "peerDependencies": { "oxlint-tsgolint": ">=0.22.1", "vite-plus": "*" }, "optionalPeers": ["oxlint-tsgolint", "vite-plus"], "bin": { "oxlint": "bin/oxlint" } }, "sha512-1rhdZIP/EvoI91ABIwNU5Q8+bWf8mjrS5UzIOZld4d4bXxJvtlUhlQvaoTogIGin/qdErMOrwaIJvCSIAKTLhA=="],

    "semver": ["semver@7.8.5", "", { "bin": { "semver": "bin/semver.js" } }, "sha512-Y7/KDsb8LjooZpwaqGyulO6DQlksgCncchHGk+sZIY4SBvUocMBEFH5Ur1fI4dV+Jvl0w6cjvucaIi40puRioA=="],

    "tinypool": ["tinypool@2.1.0", "", {}, "sha512-Pugqs6M0m7Lv1I7FtxN4aoyToKg1C4tu+/381vH35y8oENM/Ai7f7C4StcoK4/+BSw9ebcS8jRiVrORFKCALLw=="],

    "typescript": ["typescript@6.0.3", "", { "bin": { "tsc": "bin/tsc", "tsserver": "bin/tsserver" } }, "sha512-y2TvuxSZPDyQakkFRPZHKFm+KKVqIisdg9/CZwm9ftvKXLP8NRWj38/ODjNbr43SsoXqNuAisEf1GdCxqWcdBw=="],

    "undici-types": ["undici-types@8.3.0", "", {}, "sha512-j375ScV60dom+YkPFIfTLcOiPxkN/buHz5GobjLhixFuANaNs3C9l4GmrWqejgXWJ7BbJcFYpTEUkS1Ge8bpZQ=="],

    "zod": ["zod@3.25.76", "", {}, "sha512-gzUt/qt81nXsFGKIFcC3YnfEAx5NkunCfnDlvuBSSFS02bcXu4Lmea0AFIUwbLWxWPx3d9p8S5QoaujKcNQxcQ=="],

    "zod-to-json-schema": ["zod-to-json-schema@3.25.2", "", { "peerDependencies": { "zod": "^3.25.28 || ^4" } }, "sha512-O/PgfnpT1xKSDeQYSCfRI5Gy3hPf91mKVDuYLUHZJMiDFptvP41MSnWofm8dnCm0256ZNfZIM7DSzuSMAFnjHA=="],

    "@flowscripter/dynamic-plugin-framework/oxfmt": ["oxfmt@0.60.0", "", { "dependencies": { "tinypool": "2.1.0" }, "optionalDependencies": { "@oxfmt/binding-android-arm-eabi": "0.60.0", "@oxfmt/binding-android-arm64": "0.60.0", "@oxfmt/binding-darwin-arm64": "0.60.0", "@oxfmt/binding-darwin-x64": "0.60.0", "@oxfmt/binding-freebsd-x64": "0.60.0", "@oxfmt/binding-linux-arm-gnueabihf": "0.60.0", "@oxfmt/binding-linux-arm-musleabihf": "0.60.0", "@oxfmt/binding-linux-arm64-gnu": "0.60.0", "@oxfmt/binding-linux-arm64-musl": "0.60.0", "@oxfmt/binding-linux-ppc64-gnu": "0.60.0", "@oxfmt/binding-linux-riscv64-gnu": "0.60.0", "@oxfmt/binding-linux-riscv64-musl": "0.60.0", "@oxfmt/binding-linux-s390x-gnu": "0.60.0", "@oxfmt/binding-linux-x64-gnu": "0.60.0", "@oxfmt/binding-linux-x64-musl": "0.60.0", "@oxfmt/binding-openharmony-arm64": "0.60.0", "@oxfmt/binding-win32-arm64-msvc": "0.60.0", "@oxfmt/binding-win32-ia32-msvc": "0.60.0", "@oxfmt/binding-win32-x64-msvc": "0.60.0" }, "peerDependencies": { "svelte": "^5.0.0", "vite-plus": "*" }, "optionalPeers": ["svelte", "vite-plus"], "bin": { "oxfmt": "bin/oxfmt" } }, "sha512-fViX6i+gJuZWY+jI/fnR6WRbRj70GZ9RlCd30MygJrHTUNc4DxvKHWw8vBjMjffv3PgU5qWDR0AzmojQByqaZA=="],

    "@flowscripter/dynamic-plugin-framework/oxlint": ["oxlint@1.75.0", "", { "optionalDependencies": { "@oxlint/binding-android-arm-eabi": "1.75.0", "@oxlint/binding-android-arm64": "1.75.0", "@oxlint/binding-darwin-arm64": "1.75.0", "@oxlint/binding-darwin-x64": "1.75.0", "@oxlint/binding-freebsd-x64": "1.75.0", "@oxlint/binding-linux-arm-gnueabihf": "1.75.0", "@oxlint/binding-linux-arm-musleabihf": "1.75.0", "@oxlint/binding-linux-arm64-gnu": "1.75.0", "@oxlint/binding-linux-arm64-musl": "1.75.0", "@oxlint/binding-linux-ppc64-gnu": "1.75.0", "@oxlint/binding-linux-riscv64-gnu": "1.75.0", "@oxlint/binding-linux-riscv64-musl": "1.75.0", "@oxlint/binding-linux-s390x-gnu": "1.75.0", "@oxlint/binding-linux-x64-gnu": "1.75.0", "@oxlint/binding-linux-x64-musl": "1.75.0", "@oxlint/binding-openharmony-arm64": "1.75.0", "@oxlint/binding-win32-arm64-msvc": "1.75.0", "@oxlint/binding-win32-ia32-msvc": "1.75.0", "@oxlint/binding-win32-x64-msvc": "1.75.0" }, "peerDependencies": { "oxlint-tsgolint": ">=7.0.2001", "vite-plus": "*" }, "optionalPeers": ["oxlint-tsgolint", "vite-plus"], "bin": { "oxlint": "bin/oxlint" } }, "sha512-m9WzjRcRYA/uqIZDa9tclrieoPJ/ln1QYTKdFx6NUOs8uY5DiHlIwRQoCrHT6OM6O3ww3l2skY5gO7G7ZphE7g=="],

    "@flowscripter/dynamic-plugin-framework/oxfmt/@oxfmt/binding-android-arm-eabi": ["@oxfmt/binding-android-arm-eabi@0.60.0", "", { "os": "android", "cpu": "arm" }, "sha512-1q4q4Jc8FlOMVojEisyFAVyl8h1yawNv6phjgmhGVEDeyeOdsSnSr9x0+D4mOnEKvpO5L4mxKZ/DP9X6U3A/Mw=="],

    "@flowscripter/dynamic-plugin-framework/oxfmt/@oxfmt/binding-android-arm64": ["@oxfmt/binding-android-arm64@0.60.0", "", { "os": "android", "cpu": "arm64" }, "sha512-tD41I6nCt9k8SQXft0CSjjU9jg6SwG7uMu7PxodSEHXl+GDW0868oy6tTtoJkyUze8YKFgTpz/k5LuPUnFiGLw=="],

    "@flowscripter/dynamic-plugin-framework/oxfmt/@oxfmt/binding-darwin-arm64": ["@oxfmt/binding-darwin-arm64@0.60.0", "", { "os": "darwin", "cpu": "arm64" }, "sha512-TTpzPug96Zxdyb46KvTyIUQDdsqbumXh2TKG9C23PCT0kF7JkW56Z/quPuG9rqOFKQIi1gpRNZ7DX18LwxXPnw=="],

    "@flowscripter/dynamic-plugin-framework/oxfmt/@oxfmt/binding-darwin-x64": ["@oxfmt/binding-darwin-x64@0.60.0", "", { "os": "darwin", "cpu": "x64" }, "sha512-CnOoWgQ7L+JL/YQaRJ+NyATciSfcftncm7y3kqyte1cGtFEGnStaCd1TAyrinkfQ7nRBfHrTs1/vTwUJr3WF2Q=="],

    "@flowscripter/dynamic-plugin-framework/oxfmt/@oxfmt/binding-freebsd-x64": ["@oxfmt/binding-freebsd-x64@0.60.0", "", { "os": "freebsd", "cpu": "x64" }, "sha512-ychJo7S3hZxdO6eDZ9zM6F2lM9fpJS3EKS5CAUSWyprdLYxTu4gbaUKV/VBPTcMJwQa2Bpo+643y3OJ537pihA=="],

    "@flowscripter/dynamic-plugin-framework/oxfmt/@oxfmt/binding-linux-arm-gnueabihf": ["@oxfmt/binding-linux-arm-gnueabihf@0.60.0", "", { "os": "linux", "cpu": "arm" }, "sha512-36IH5o55T2Fx7E0feDttt+mifxN6yk9pWv4KfhAIsP0dFnUq27331OwbpOsZdoXF9soOLWm7mQUz5+UUmyec4g=="],

    "@flowscripter/dynamic-plugin-framework/oxfmt/@oxfmt/binding-linux-arm-musleabihf": ["@oxfmt/binding-linux-arm-musleabihf@0.60.0", "", { "os": "linux", "cpu": "arm" }, "sha512-G1Ve7lAa6sFBolVI2LWHfEAqy0YKh4vnioH8uYO9kAEdgM7mR40IksIx9/Zk4+vbYew/sGa4J9Q4tZ3n9gXDHA=="],

    "@flowscripter/dynamic-plugin-framework/oxfmt/@oxfmt/binding-linux-arm64-gnu": ["@oxfmt/binding-linux-arm64-gnu@0.60.0", "", { "os": "linux", "cpu": "arm64" }, "sha512-LTQdRBf6uzj/h7Xk6lKzbGD2hrF/fK4YI9LIN1c0509tPUn8wRa3mCmrFQpEWJPLYGFrLFFMTYW1Ljj6VqW2Hw=="],

    "@flowscripter/dynamic-plugin-framework/oxfmt/@oxfmt/binding-linux-arm64-musl": ["@oxfmt/binding-linux-arm64-musl@0.60.0", "", { "os": "linux", "cpu": "arm64" }, "sha512-2JMo3XPxMPx3hiqddSZYyaH+fKJm6cz0u8n1naYjP/CdOQOZW34i8lKBUfmbWiuFvd6KoYXLmhAyBuvojsYS7Q=="],

    "@flowscripter/dynamic-plugin-framework/oxfmt/@oxfmt/binding-linux-ppc64-gnu": ["@oxfmt/binding-linux-ppc64-gnu@0.60.0", "", { "os": "linux", "cpu": "ppc64" }, "sha512-L3C+nBD13lr306tr/PjM3RMll+BVqgFrIgUyoeHuai5oueJrRLgO3j+GO5/Cbhtkf5PSlHYTI1JY7iqBd1qa6A=="],

    "@flowscripter/dynamic-plugin-framework/oxfmt/@oxfmt/binding-linux-riscv64-gnu": ["@oxfmt/binding-linux-riscv64-gnu@0.60.0", "", { "os": "linux", "cpu": "none" }, "sha512-M4MsmvqlxFiPtSRGyBYQSZxchEf463AOyd+Dh4/9xDpjWBsRtDUTDMFN5EdHinjVK1/eDJQ8MLpcYjpYayaCnA=="],

    "@flowscripter/dynamic-plugin-framework/oxfmt/@oxfmt/binding-linux-riscv64-musl": ["@oxfmt/binding-linux-riscv64-musl@0.60.0", "", { "os": "linux", "cpu": "none" }, "sha512-OH+9UskYuxRB+GxqdGkVN8f5UpwhqG8YscNo1wl8+KJ62cd7wZdGga6iGLJIf8kibF1WBwvlfDUx3cez/VXwFg=="],

    "@flowscripter/dynamic-plugin-framework/oxfmt/@oxfmt/binding-linux-s390x-gnu": ["@oxfmt/binding-linux-s390x-gnu@0.60.0", "", { "os": "linux", "cpu": "s390x" }, "sha512-y7AAFutt9wFWBFOAn6+BHaV39usZmcr3YYH2385f+NHgPNpIF9HpqKp0jgUxPaUOCyG3oaX5VhJduL1Nw164rw=="],

    "@flowscripter/dynamic-plugin-framework/oxfmt/@oxfmt/binding-linux-x64-gnu": ["@oxfmt/binding-linux-x64-gnu@0.60.0", "", { "os": "linux", "cpu": "x64" }, "sha512-yKZ9+CXAI+1RO5nH/4Z/9M6DAsfOzd5bw/gtWk81KB4mpalMaRRSXfouc5/tHxazDmBek55HNPepNYBgaCew0Q=="],

    "@flowscripter/dynamic-plugin-framework/oxfmt/@oxfmt/binding-linux-x64-musl": ["@oxfmt/binding-linux-x64-musl@0.60.0", "", { "os": "linux", "cpu": "x64" }, "sha512-bCUGaF6hJOYnQzLJdHLZbvGsOd5oSvGAyJhPAKum2uyLYUuXmP8vqg690DWi2hqcnIoYpqSqCrjzE5aiUAgwQg=="],

    "@flowscripter/dynamic-plugin-framework/oxfmt/@oxfmt/binding-openharmony-arm64": ["@oxfmt/binding-openharmony-arm64@0.60.0", "", { "os": "none", "cpu": "arm64" }, "sha512-GrUeZOvzP30ExxfCuQiyofuUGI+OmvAgFwOO5w5p9mGPlxcyuqI+6Sy9fAKFFfLQrqKYWFgc5sYA2Unj/29nPg=="],

    "@flowscripter/dynamic-plugin-framework/oxfmt/@oxfmt/binding-win32-arm64-msvc": ["@oxfmt/binding-win32-arm64-msvc@0.60.0", "", { "os": "win32", "cpu": "arm64" }, "sha512-WD4Q954kUl2TDJV/6q7UnE2rlKk047kXLJsr4bJ2mXRaAqNXcmV3nwKUsGCc3mz/jYDBnXtJEaBErJEybK8iQQ=="],

    "@flowscripter/dynamic-plugin-framework/oxfmt/@oxfmt/binding-win32-ia32-msvc": ["@oxfmt/binding-win32-ia32-msvc@0.60.0", "", { "os": "win32", "cpu": "ia32" }, "sha512-HqDekjr8JXzVDUP1YthDZ1Y3CBEcuZT4WX3B+1kaxj8CvZA8Y2YhcEsXqoSop3tVsgjACxjnFQFDkBo0r/jq1Q=="],

    "@flowscripter/dynamic-plugin-framework/oxfmt/@oxfmt/binding-win32-x64-msvc": ["@oxfmt/binding-win32-x64-msvc@0.60.0", "", { "os": "win32", "cpu": "x64" }, "sha512-tz78yhmGPKboTMHCHSaUqXK8JrmoSejgDcWeqAtg2s07ZGKQ3rH5Jn8NuXPGNG33CDbY2e9NoQWXIVEmKO21Rw=="],

    "@flowscripter/dynamic-plugin-framework/oxlint/@oxlint/binding-android-arm-eabi": ["@oxlint/binding-android-arm-eabi@1.75.0", "", { "os": "android", "cpu": "arm" }, "sha512-lutovtFzJqlRaqpZrCqSSGaHZzl9nIxxpjLzhSRLunN6dCLylj0uzlCyQGaQDIys7rrv8kVXiFO+R4Zpn0bX7g=="],

    "@flowscripter/dynamic-plugin-framework/oxlint/@oxlint/binding-android-arm64": ["@oxlint/binding-android-arm64@1.75.0", "", { "os": "android", "cpu": "arm64" }, "sha512-hXI0hDgHkw4w5nfru72aG7y+2iQJmC4waH/KV6H/hbgA6yAP5jYNx0P9yug15Hs0tWl/+mda3Jjn/2gmDT48tw=="],

    "@flowscripter/dynamic-plugin-framework/oxlint/@oxlint/binding-darwin-arm64": ["@oxlint/binding-darwin-arm64@1.75.0", "", { "os": "darwin", "cpu": "arm64" }, "sha512-D91BWbK/dMYfCcrghspPIuKs2D9LF4Z/OabVSQjw1AO6PWxArD7teDA48bm0ySFqWDaPVqmQRl5GMWNglTXyrQ=="],

    "@flowscripter/dynamic-plugin-framework/oxlint/@oxlint/binding-darwin-x64": ["@oxlint/binding-darwin-x64@1.75.0", "", { "os": "darwin", "cpu": "x64" }, "sha512-02mpwzf12BonZ6PT0TuQoomvEh2kVl2WGBIKWezCyToIS+rYkQZ6GXnARBAl9A4Ovm2V+Xe7M4KretyqmmcnJQ=="],

    "@flowscripter/dynamic-plugin-framework/oxlint/@oxlint/binding-freebsd-x64": ["@oxlint/binding-freebsd-x64@1.75.0", "", { "os": "freebsd", "cpu": "x64" }, "sha512-qZJgLnDaBsiL5YESx2t/TZ8eXkL9fEkKoXEdzegROhlz9A0lgyGnZ0dAzJrh7LJAHQl2K9RdRueN2s/9N7+odg=="],

    "@flowscripter/dynamic-plugin-framework/oxlint/@oxlint/binding-linux-arm-gnueabihf": ["@oxlint/binding-linux-arm-gnueabihf@1.75.0", "", { "os": "linux", "cpu": "arm" }, "sha512-7XlaWA5BJD3XpCfrEqjEe6Zseeb14S7QGa304XfwKignRaKQ+eIj775BQ7nIslggWickl4IsPUFqJ+/gAyNHVg=="],

    "@flowscripter/dynamic-plugin-framework/oxlint/@oxlint/binding-linux-arm-musleabihf": ["@oxlint/binding-linux-arm-musleabihf@1.75.0", "", { "os": "linux", "cpu": "arm" }, "sha512-av6Tpv8yrcMMMOadOqENBhlsLRcGFXXwoQ0hzHhsmS9FJ4Wioy8we427GbcMe2XTxmL2e60T67H1Dyr3up+tAA=="],

    "@flowscripter/dynamic-plugin-framework/oxlint/@oxlint/binding-linux-arm64-gnu": ["@oxlint/binding-linux-arm64-gnu@1.75.0", "", { "os": "linux", "cpu": "arm64" }, "sha512-WcUhd8fHT5plrA14lANevl+hOl815mVI5t2hU21oFWrZKFXIVV/Sr4rWQV0NzSvzBupbMLNc5ErEA6Ehxh5jMg=="],

    "@flowscripter/dynamic-plugin-framework/oxlint/@oxlint/binding-linux-arm64-musl": ["@oxlint/binding-linux-arm64-musl@1.75.0", "", { "os": "linux", "cpu": "arm64" }, "sha512-UWzp5wRHFe/ESO3+eEaxXsTkYTGLYjnTsi/I5neEacXSItQ6WNleapfOAeA4x2b8nyhJ4uQxqvtv9pHv8kWJtQ=="],

    "@flowscripter/dynamic-plugin-framework/oxlint/@oxlint/binding-linux-ppc64-gnu": ["@oxlint/binding-linux-ppc64-gnu@1.75.0", "", { "os": "linux", "cpu": "ppc64" }, "sha512-XEVRwGMLKCUKrvhLAz4F6AIh8MJrQVdSZtAmPpRZt9tGPsUnamPOcl3dS/ZQzJnar/Ymgc//+xho0L60Emzuxg=="],

    "@flowscripter/dynamic-plugin-framework/oxlint/@oxlint/binding-linux-riscv64-gnu": ["@oxlint/binding-linux-riscv64-gnu@1.75.0", "", { "os": "linux", "cpu": "none" }, "sha512-mAG4DUXqfLC8cTjMD2kt3jDmVzFREYtDyeLNdLdsCcBc4Zbl2EMuiFektGBilQwkNjYnMvCqJs55U+Hyb+b+jw=="],

    "@flowscripter/dynamic-plugin-framework/oxlint/@oxlint/binding-linux-riscv64-musl": ["@oxlint/binding-linux-riscv64-musl@1.75.0", "", { "os": "linux", "cpu": "none" }, "sha512-95hrAvriAlI+pekSomTFIn0+bawMDlDwTNVmdjsFusTHyL2JWh7TWvRNG/Lkim72uN8OiCcO9wcaC6omLP5E3w=="],

    "@flowscripter/dynamic-plugin-framework/oxlint/@oxlint/binding-linux-s390x-gnu": ["@oxlint/binding-linux-s390x-gnu@1.75.0", "", { "os": "linux", "cpu": "s390x" }, "sha512-4b6f2+FrtruAESrCqIKcrarzfrSx+wk2QNcp+RT91/Prc+pMQMAfyZ1rG1c3tFQNl8Bc616tx40uNXyxNBRPbQ=="],

    "@flowscripter/dynamic-plugin-framework/oxlint/@oxlint/binding-linux-x64-gnu": ["@oxlint/binding-linux-x64-gnu@1.75.0", "", { "os": "linux", "cpu": "x64" }, "sha512-nshAhrUvXFUWOvqQ2soIw7HFNWvpvEV4o0cYSqPtzLiPF5gKyYTDOOTJ6Rn8g8K/iGvPIrbDA4v8+5MvnjJrrg=="],

    "@flowscripter/dynamic-plugin-framework/oxlint/@oxlint/binding-linux-x64-musl": ["@oxlint/binding-linux-x64-musl@1.75.0", "", { "os": "linux", "cpu": "x64" }, "sha512-e4jNxLKnxLC6sYBQRxrI2pgIIxnmMtF8U/VwNYcjTT/CLS+spH624cYVnj07bTKwaEWT37/e025isOs6j/0xqA=="],

    "@flowscripter/dynamic-plugin-framework/oxlint/@oxlint/binding-openharmony-arm64": ["@oxlint/binding-openharmony-arm64@1.75.0", "", { "os": "none", "cpu": "arm64" }, "sha512-hZ2lH+1qLf/DiEP9UWuQTK2JWj/BgvMB4jhIV4SmNU1wfEiYYX4TynQyAZXx0j9X4qRYizAL042SKaV+8ynh4w=="],

    "@flowscripter/dynamic-plugin-framework/oxlint/@oxlint/binding-win32-arm64-msvc": ["@oxlint/binding-win32-arm64-msvc@1.75.0", "", { "os": "win32", "cpu": "arm64" }, "sha512-Ilj6PNzGDS3bCU0MSJH7Msh0NhH+T/mRp2shwg+q+GHeVlPwP5LEboW96aW+3kVKFk6zYZy1Xi5pZkqZh6X8KQ=="],

    "@flowscripter/dynamic-plugin-framework/oxlint/@oxlint/binding-win32-ia32-msvc": ["@oxlint/binding-win32-ia32-msvc@1.75.0", "", { "os": "win32", "cpu": "ia32" }, "sha512-QVit2nOEOiPhkmsrksPSkoGCdnZRNkspt8fwoYyP09te1VEbnSj4LAxua4rc8FKTmWkySVe05j8iz9GXYfF1AQ=="],

    "@flowscripter/dynamic-plugin-framework/oxlint/@oxlint/binding-win32-x64-msvc": ["@oxlint/binding-win32-x64-msvc@1.75.0", "", { "os": "win32", "cpu": "x64" }, "sha512-DSxnNkBUAYARPwJtR12Ig3deWr8w0H997xP6jy33i+e0SyYJw8FKuz4+cZtpmPEhQmvlPJE3X/2vNxDmLkd/rA=="],
  }
}
